// !$*UTF8*$!
{
	archiveVersion = 1;
	classes = {
	};
	objectVersion = 51;
	objects = {

/* Begin PBXBuildFile section */
		A703DC2A22CCDBA4009E8413 /* CreateGroupsVC.swift in Sources */ = {isa = PBXBuildFile; fileRef = A703DC2922CCDBA4009E8413 /* CreateGroupsVC.swift */; };
		A789713022C3AEBD00DA53F5 /* AppDelegate.swift in Sources */ = {isa = PBXBuildFile; fileRef = A789712F22C3AEBD00DA53F5 /* AppDelegate.swift */; };
		A789713222C3AEBD00DA53F5 /* FeedVC.swift in Sources */ = {isa = PBXBuildFile; fileRef = A789713122C3AEBD00DA53F5 /* FeedVC.swift */; };
		A789713422C3AEBD00DA53F5 /* GroupsVC.swift in Sources */ = {isa = PBXBuildFile; fileRef = A789713322C3AEBD00DA53F5 /* GroupsVC.swift */; };
		A789713722C3AEBD00DA53F5 /* Main.storyboard in Resources */ = {isa = PBXBuildFile; fileRef = A789713522C3AEBD00DA53F5 /* Main.storyboard */; };
		A789713922C3AEBE00DA53F5 /* Assets.xcassets in Resources */ = {isa = PBXBuildFile; fileRef = A789713822C3AEBE00DA53F5 /* Assets.xcassets */; };
		A789713C22C3AEBE00DA53F5 /* LaunchScreen.storyboard in Resources */ = {isa = PBXBuildFile; fileRef = A789713A22C3AEBE00DA53F5 /* LaunchScreen.storyboard */; };
		A789714922C3B12500DA53F5 /* GoogleService-Info.plist in Resources */ = {isa = PBXBuildFile; fileRef = A789714822C3B12500DA53F5 /* GoogleService-Info.plist */; };
		A789714B22C3B52900DA53F5 /* DataService.swift in Sources */ = {isa = PBXBuildFile; fileRef = A789714A22C3B52900DA53F5 /* DataService.swift */; };
		A7AF2DC522CB02A200519B74 /* AuthVC.swift in Sources */ = {isa = PBXBuildFile; fileRef = A7AF2DC422CB02A200519B74 /* AuthVC.swift */; };
		A7AF2DC722CB02CC00519B74 /* LoginVC.swift in Sources */ = {isa = PBXBuildFile; fileRef = A7AF2DC622CB02CC00519B74 /* LoginVC.swift */; };
		A7AF2DC922CB031E00519B74 /* InsetTextField.swift in Sources */ = {isa = PBXBuildFile; fileRef = A7AF2DC822CB031E00519B74 /* InsetTextField.swift */; };
		A7AF2DCB22CB081100519B74 /* ShadowView.swift in Sources */ = {isa = PBXBuildFile; fileRef = A7AF2DCA22CB081100519B74 /* ShadowView.swift */; };
		A7AF2DCD22CB0B7E00519B74 /* AuthService.swift in Sources */ = {isa = PBXBuildFile; fileRef = A7AF2DCC22CB0B7E00519B74 /* AuthService.swift */; };
		A7AF2DCF22CB81DD00519B74 /* MeVC.swift in Sources */ = {isa = PBXBuildFile; fileRef = A7AF2DCE22CB81DD00519B74 /* MeVC.swift */; };
		A7FF52B922CC2190004893D9 /* CreatePostVC.swift in Sources */ = {isa = PBXBuildFile; fileRef = A7FF52B822CC2190004893D9 /* CreatePostVC.swift */; };
		A7FF52BB22CC3B43004893D9 /* UIViewExt.swift in Sources */ = {isa = PBXBuildFile; fileRef = A7FF52BA22CC3B43004893D9 /* UIViewExt.swift */; };
		A7FF52BD22CC4A2D004893D9 /* feedCell.swift in Sources */ = {isa = PBXBuildFile; fileRef = A7FF52BC22CC4A2D004893D9 /* feedCell.swift */; };
		A7FF52C322CC4FB4004893D9 /* Message.swift in Sources */ = {isa = PBXBuildFile; fileRef = A7FF52C222CC4FB4004893D9 /* Message.swift */; };
		F40D028BF061CCB6C13C6879 /* Pods_messengerApp.framework in Frameworks */ = {isa = PBXBuildFile; fileRef = 32C9E8BE57384C661B14FBF4 /* Pods_messengerApp.framework */; };
/* End PBXBuildFile section */

/* Begin PBXFileReference section */
		32C9E8BE57384C661B14FBF4 /* Pods_messengerApp.framework */ = {isa = PBXFileReference; explicitFileType = wrapper.framework; includeInIndex = 0; path = Pods_messengerApp.framework; sourceTree = BUILT_PRODUCTS_DIR; };
		806CAFED470A112FE349C144 /* Pods-messengerApp.release.xcconfig */ = {isa = PBXFileReference; includeInIndex = 1; lastKnownFileType = text.xcconfig; name = "Pods-messengerApp.release.xcconfig"; path = "Target Support Files/Pods-messengerApp/Pods-messengerApp.release.xcconfig"; sourceTree = "<group>"; };
		A703DC2922CCDBA4009E8413 /* CreateGroupsVC.swift */ = {isa = PBXFileReference; lastKnownFileType = sourcecode.swift; path = CreateGroupsVC.swift; sourceTree = "<group>"; };
		A789712C22C3AEBD00DA53F5 /* messengerApp.app */ = {isa = PBXFileReference; explicitFileType = wrapper.application; includeInIndex = 0; path = messengerApp.app; sourceTree = BUILT_PRODUCTS_DIR; };
		A789712F22C3AEBD00DA53F5 /* AppDelegate.swift */ = {isa = PBXFileReference; lastKnownFileType = sourcecode.swift; path = AppDelegate.swift; sourceTree = "<group>"; };
		A789713122C3AEBD00DA53F5 /* FeedVC.swift */ = {isa = PBXFileReference; lastKnownFileType = sourcecode.swift; path = FeedVC.swift; sourceTree = "<group>"; };
		A789713322C3AEBD00DA53F5 /* GroupsVC.swift */ = {isa = PBXFileReference; lastKnownFileType = sourcecode.swift; path = GroupsVC.swift; sourceTree = "<group>"; };
		A789713622C3AEBD00DA53F5 /* Base */ = {isa = PBXFileReference; lastKnownFileType = file.storyboard; name = Base; path = Base.lproj/Main.storyboard; sourceTree = "<group>"; };
		A789713822C3AEBE00DA53F5 /* Assets.xcassets */ = {isa = PBXFileReference; lastKnownFileType = folder.assetcatalog; path = Assets.xcassets; sourceTree = "<group>"; };
		A789713B22C3AEBE00DA53F5 /* Base */ = {isa = PBXFileReference; lastKnownFileType = file.storyboard; name = Base; path = Base.lproj/LaunchScreen.storyboard; sourceTree = "<group>"; };
		A789713D22C3AEBE00DA53F5 /* Info.plist */ = {isa = PBXFileReference; lastKnownFileType = text.plist.xml; path = Info.plist; sourceTree = "<group>"; };
		A789714822C3B12500DA53F5 /* GoogleService-Info.plist */ = {isa = PBXFileReference; fileEncoding = 4; lastKnownFileType = text.plist.xml; path = "GoogleService-Info.plist"; sourceTree = "<group>"; };
		A789714A22C3B52900DA53F5 /* DataService.swift */ = {isa = PBXFileReference; lastKnownFileType = sourcecode.swift; path = DataService.swift; sourceTree = "<group>"; };
		A7AF2DC422CB02A200519B74 /* AuthVC.swift */ = {isa = PBXFileReference; lastKnownFileType = sourcecode.swift; path = AuthVC.swift; sourceTree = "<group>"; };
		A7AF2DC622CB02CC00519B74 /* LoginVC.swift */ = {isa = PBXFileReference; lastKnownFileType = sourcecode.swift; path = LoginVC.swift; sourceTree = "<group>"; };
		A7AF2DC822CB031E00519B74 /* InsetTextField.swift */ = {isa = PBXFileReference; lastKnownFileType = sourcecode.swift; path = InsetTextField.swift; sourceTree = "<group>"; };
		A7AF2DCA22CB081100519B74 /* ShadowView.swift */ = {isa = PBXFileReference; lastKnownFileType = sourcecode.swift; path = ShadowView.swift; sourceTree = "<group>"; };
		A7AF2DCC22CB0B7E00519B74 /* AuthService.swift */ = {isa = PBXFileReference; lastKnownFileType = sourcecode.swift; path = AuthService.swift; sourceTree = "<group>"; };
		A7AF2DCE22CB81DD00519B74 /* MeVC.swift */ = {isa = PBXFileReference; lastKnownFileType = sourcecode.swift; path = MeVC.swift; sourceTree = "<group>"; };
		A7FF52B822CC2190004893D9 /* CreatePostVC.swift */ = {isa = PBXFileReference; lastKnownFileType = sourcecode.swift; path = CreatePostVC.swift; sourceTree = "<group>"; };
		A7FF52BA22CC3B43004893D9 /* UIViewExt.swift */ = {isa = PBXFileReference; lastKnownFileType = sourcecode.swift; path = UIViewExt.swift; sourceTree = "<group>"; };
		A7FF52BC22CC4A2D004893D9 /* feedCell.swift */ = {isa = PBXFileReference; lastKnownFileType = sourcecode.swift; path = feedCell.swift; sourceTree = "<group>"; };
		A7FF52C222CC4FB4004893D9 /* Message.swift */ = {isa = PBXFileReference; lastKnownFileType = sourcecode.swift; path = Message.swift; sourceTree = "<group>"; };
		AFE7C2905534B033CD5FD837 /* Pods-messengerApp.debug.xcconfig */ = {isa = PBXFileReference; includeInIndex = 1; lastKnownFileType = text.xcconfig; name = "Pods-messengerApp.debug.xcconfig"; path = "Target Support Files/Pods-messengerApp/Pods-messengerApp.debug.xcconfig"; sourceTree = "<group>"; };
/* End PBXFileReference section */

/* Begin PBXFrameworksBuildPhase section */
		A789712922C3AEBD00DA53F5 /* Frameworks */ = {
			isa = PBXFrameworksBuildPhase;
			buildActionMask = 2147483647;
			files = (
				F40D028BF061CCB6C13C6879 /* Pods_messengerApp.framework in Frameworks */,
			);
			runOnlyForDeploymentPostprocessing = 0;
		};
/* End PBXFrameworksBuildPhase section */

/* Begin PBXGroup section */
		24DDB1BECE6764BB4AE9AB14 /* Pods */ = {
			isa = PBXGroup;
			children = (
				AFE7C2905534B033CD5FD837 /* Pods-messengerApp.debug.xcconfig */,
				806CAFED470A112FE349C144 /* Pods-messengerApp.release.xcconfig */,
			);
			path = Pods;
			sourceTree = "<group>";
		};
		A789712322C3AEBD00DA53F5 = {
			isa = PBXGroup;
			children = (
				A789712E22C3AEBD00DA53F5 /* messengerApp */,
				A789712D22C3AEBD00DA53F5 /* Products */,
				24DDB1BECE6764BB4AE9AB14 /* Pods */,
				F7A11F5ACF623594E4021CB0 /* Frameworks */,
			);
			sourceTree = "<group>";
		};
		A789712D22C3AEBD00DA53F5 /* Products */ = {
			isa = PBXGroup;
			children = (
				A789712C22C3AEBD00DA53F5 /* messengerApp.app */,
			);
			name = Products;
			sourceTree = "<group>";
		};
		A789712E22C3AEBD00DA53F5 /* messengerApp */ = {
			isa = PBXGroup;
			children = (
				A789714722C3AF6900DA53F5 /* Services */,
				A789714622C3AF3700DA53F5 /* Extensions */,
				A789714522C3AF1C00DA53F5 /* Model */,
				A789714422C3AF1700DA53F5 /* View */,
				A789714322C3AF0800DA53F5 /* Controller */,
				A789712F22C3AEBD00DA53F5 /* AppDelegate.swift */,
				A789713522C3AEBD00DA53F5 /* Main.storyboard */,
				A789713822C3AEBE00DA53F5 /* Assets.xcassets */,
				A789713A22C3AEBE00DA53F5 /* LaunchScreen.storyboard */,
				A789713D22C3AEBE00DA53F5 /* Info.plist */,
				A789714822C3B12500DA53F5 /* GoogleService-Info.plist */,
			);
			path = messengerApp;
			sourceTree = "<group>";
		};
		A789714322C3AF0800DA53F5 /* Controller */ = {
			isa = PBXGroup;
			children = (
				A789713122C3AEBD00DA53F5 /* FeedVC.swift */,
				A789713322C3AEBD00DA53F5 /* GroupsVC.swift */,
				A7AF2DC422CB02A200519B74 /* AuthVC.swift */,
				A7AF2DC622CB02CC00519B74 /* LoginVC.swift */,
				A7AF2DCE22CB81DD00519B74 /* MeVC.swift */,
				A7FF52B822CC2190004893D9 /* CreatePostVC.swift */,
				A703DC2922CCDBA4009E8413 /* CreateGroupsVC.swift */,
			);
			path = Controller;
			sourceTree = "<group>";
		};
		A789714422C3AF1700DA53F5 /* View */ = {
			isa = PBXGroup;
			children = (
				A7AF2DC822CB031E00519B74 /* InsetTextField.swift */,
				A7AF2DCA22CB081100519B74 /* ShadowView.swift */,
				A7FF52BC22CC4A2D004893D9 /* feedCell.swift */,
			);
			path = View;
			sourceTree = "<group>";
		};
		A789714522C3AF1C00DA53F5 /* Model */ = {
			isa = PBXGroup;
			children = (
				A7FF52C222CC4FB4004893D9 /* Message.swift */,
			);
			path = Model;
			sourceTree = "<group>";
		};
		A789714622C3AF3700DA53F5 /* Extensions */ = {
			isa = PBXGroup;
			children = (
				A7FF52BA22CC3B43004893D9 /* UIViewExt.swift */,
			);
			path = Extensions;
			sourceTree = "<group>";
		};
		A789714722C3AF6900DA53F5 /* Services */ = {
			isa = PBXGroup;
			children = (
				A789714A22C3B52900DA53F5 /* DataService.swift */,
				A7AF2DCC22CB0B7E00519B74 /* AuthService.swift */,
			);
			path = Services;
			sourceTree = "<group>";
		};
		F7A11F5ACF623594E4021CB0 /* Frameworks */ = {
			isa = PBXGroup;
			children = (
				32C9E8BE57384C661B14FBF4 /* Pods_messengerApp.framework */,
			);
			name = Frameworks;
			sourceTree = "<group>";
		};
/* End PBXGroup section */

/* Begin PBXNativeTarget section */
		A789712B22C3AEBD00DA53F5 /* messengerApp */ = {
			isa = PBXNativeTarget;
			buildConfigurationList = A789714022C3AEBE00DA53F5 /* Build configuration list for PBXNativeTarget "messengerApp" */;
			buildPhases = (
				3F5C4C92EAAFE918A34AB7CF /* [CP] Check Pods Manifest.lock */,
				A789712822C3AEBD00DA53F5 /* Sources */,
				A789712922C3AEBD00DA53F5 /* Frameworks */,
				A789712A22C3AEBD00DA53F5 /* Resources */,
				8C90B3FD08C21FB11148BFBF /* [CP] Embed Pods Frameworks */,
			);
			buildRules = (
			);
			dependencies = (
			);
			name = messengerApp;
			productName = messengerApp;
			productReference = A789712C22C3AEBD00DA53F5 /* messengerApp.app */;
			productType = "com.apple.product-type.application";
		};
/* End PBXNativeTarget section */

/* Begin PBXProject section */
		A789712422C3AEBD00DA53F5 /* Project object */ = {
			isa = PBXProject;
			attributes = {
				LastSwiftUpdateCheck = 1020;
				LastUpgradeCheck = 1020;
				ORGANIZATIONNAME = "Stephenson Ang";
				TargetAttributes = {
					A789712B22C3AEBD00DA53F5 = {
						CreatedOnToolsVersion = 10.2.1;
					};
				};
			};
			buildConfigurationList = A789712722C3AEBD00DA53F5 /* Build configuration list for PBXProject "messengerApp" */;
			compatibilityVersion = "Xcode 9.3";
			developmentRegion = en;
			hasScannedForEncodings = 0;
			knownRegions = (
				en,
				Base,
			);
			mainGroup = A789712322C3AEBD00DA53F5;
			productRefGroup = A789712D22C3AEBD00DA53F5 /* Products */;
			projectDirPath = "";
			projectRoot = "";
			targets = (
				A789712B22C3AEBD00DA53F5 /* messengerApp */,
			);
		};
/* End PBXProject section */

/* Begin PBXResourcesBuildPhase section */
		A789712A22C3AEBD00DA53F5 /* Resources */ = {
			isa = PBXResourcesBuildPhase;
			buildActionMask = 2147483647;
			files = (
				A789713C22C3AEBE00DA53F5 /* LaunchScreen.storyboard in Resources */,
				A789714922C3B12500DA53F5 /* GoogleService-Info.plist in Resources */,
				A789713922C3AEBE00DA53F5 /* Assets.xcassets in Resources */,
				A789713722C3AEBD00DA53F5 /* Main.storyboard in Resources */,
			);
			runOnlyForDeploymentPostprocessing = 0;
		};
/* End PBXResourcesBuildPhase section */

/* Begin PBXShellScriptBuildPhase section */
		3F5C4C92EAAFE918A34AB7CF /* [CP] Check Pods Manifest.lock */ = {
			isa = PBXShellScriptBuildPhase;
			buildActionMask = 2147483647;
			files = (
			);
			inputFileListPaths = (
			);
			inputPaths = (
				"${PODS_PODFILE_DIR_PATH}/Podfile.lock",
				"${PODS_ROOT}/Manifest.lock",
			);
			name = "[CP] Check Pods Manifest.lock";
			outputFileListPaths = (
			);
			outputPaths = (
				"$(DERIVED_FILE_DIR)/Pods-messengerApp-checkManifestLockResult.txt",
			);
			runOnlyForDeploymentPostprocessing = 0;
			shellPath = /bin/sh;
			shellScript = "diff \"${PODS_PODFILE_DIR_PATH}/Podfile.lock\" \"${PODS_ROOT}/Manifest.lock\" > /dev/null\nif [ $? != 0 ] ; then\n    # print error to STDERR\n    echo \"error: The sandbox is not in sync with the Podfile.lock. Run 'pod install' or update your CocoaPods installation.\" >&2\n    exit 1\nfi\n# This output is used by Xcode 'outputs' to avoid re-running this script phase.\necho \"SUCCESS\" > \"${SCRIPT_OUTPUT_FILE_0}\"\n";
			showEnvVarsInLog = 0;
		};
		8C90B3FD08C21FB11148BFBF /* [CP] Embed Pods Frameworks */ = {
			isa = PBXShellScriptBuildPhase;
			buildActionMask = 2147483647;
			files = (
			);
			inputFileListPaths = (
				"${PODS_ROOT}/Target Support Files/Pods-messengerApp/Pods-messengerApp-frameworks-${CONFIGURATION}-input-files.xcfilelist",
			);
			name = "[CP] Embed Pods Frameworks";
			outputFileListPaths = (
				"${PODS_ROOT}/Target Support Files/Pods-messengerApp/Pods-messengerApp-frameworks-${CONFIGURATION}-output-files.xcfilelist",
			);
			runOnlyForDeploymentPostprocessing = 0;
			shellPath = /bin/sh;
			shellScript = "\"${PODS_ROOT}/Target Support Files/Pods-messengerApp/Pods-messengerApp-frameworks.sh\"\n";
			showEnvVarsInLog = 0;
		};
/* End PBXShellScriptBuildPhase section */

/* Begin PBXSourcesBuildPhase section */
		A789712822C3AEBD00DA53F5 /* Sources */ = {
			isa = PBXSourcesBuildPhase;
			buildActionMask = 2147483647;
			files = (
				A7FF52BB22CC3B43004893D9 /* UIViewExt.swift in Sources */,
				A7AF2DCF22CB81DD00519B74 /* MeVC.swift in Sources */,
				A7FF52BD22CC4A2D004893D9 /* feedCell.swift in Sources */,
				A7AF2DC522CB02A200519B74 /* AuthVC.swift in Sources */,
				A789713422C3AEBD00DA53F5 /* GroupsVC.swift in Sources */,
				A7AF2DC722CB02CC00519B74 /* LoginVC.swift in Sources */,
				A7AF2DCD22CB0B7E00519B74 /* AuthService.swift in Sources */,
				A703DC2A22CCDBA4009E8413 /* CreateGroupsVC.swift in Sources */,
				A789713022C3AEBD00DA53F5 /* AppDelegate.swift in Sources */,
				A7AF2DCB22CB081100519B74 /* ShadowView.swift in Sources */,
				A7FF52B922CC2190004893D9 /* CreatePostVC.swift in Sources */,
				A789713222C3AEBD00DA53F5 /* FeedVC.swift in Sources */,
				A7AF2DC922CB031E00519B74 /* InsetTextField.swift in Sources */,
				A789714B22C3B52900DA53F5 /* DataService.swift in Sources */,
				A7FF52C322CC4FB4004893D9 /* Message.swift in Sources */,
			);
			runOnlyForDeploymentPostprocessing = 0;
		};
/* End PBXSourcesBuildPhase section */

/* Begin PBXVariantGroup section */
		A789713522C3AEBD00DA53F5 /* Main.storyboard */ = {
			isa = PBXVariantGroup;
			children = (
				A789713622C3AEBD00DA53F5 /* Base */,
			);
			name = Main.storyboard;
			sourceTree = "<group>";
		};
		A789713A22C3AEBE00DA53F5 /* LaunchScreen.storyboard */ = {
			isa = PBXVariantGroup;
			children = (
				A789713B22C3AEBE00DA53F5 /* Base */,
			);
			name = LaunchScreen.storyboard;
			sourceTree = "<group>";
		};
/* End PBXVariantGroup section */

/* Begin XCBuildConfiguration section */
		A789713E22C3AEBE00DA53F5 /* Debug */ = {
			isa = XCBuildConfiguration;
			buildSettings = {
				ALWAYS_SEARCH_USER_PATHS = NO;
				CLANG_ANALYZER_NONNULL = YES;
				CLANG_ANALYZER_NUMBER_OBJECT_CONVERSION = YES_AGGRESSIVE;
				CLANG_CXX_LANGUAGE_STANDARD = "gnu++14";
				CLANG_CXX_LIBRARY = "libc++";
				CLANG_ENABLE_MODULES = YES;
				CLANG_ENABLE_OBJC_ARC = YES;
				CLANG_ENABLE_OBJC_WEAK = YES;
				CLANG_WARN_BLOCK_CAPTURE_AUTORELEASING = YES;
				CLANG_WARN_BOOL_CONVERSION = YES;
				CLANG_WARN_COMMA = YES;
				CLANG_WARN_CONSTANT_CONVERSION = YES;
				CLANG_WARN_DEPRECATED_OBJC_IMPLEMENTATIONS = YES;
				CLANG_WARN_DIRECT_OBJC_ISA_USAGE = YES_ERROR;
				CLANG_WARN_DOCUMENTATION_COMMENTS = YES;
				CLANG_WARN_EMPTY_BODY = YES;
				CLANG_WARN_ENUM_CONVERSION = YES;
				CLANG_WARN_INFINITE_RECURSION = YES;
				CLANG_WARN_INT_CONVERSION = YES;
				CLANG_WARN_NON_LITERAL_NULL_CONVERSION = YES;
				CLANG_WARN_OBJC_IMPLICIT_RETAIN_SELF = YES;
				CLANG_WARN_OBJC_LITERAL_CONVERSION = YES;
				CLANG_WARN_OBJC_ROOT_CLASS = YES_ERROR;
				CLANG_WARN_RANGE_LOOP_ANALYSIS = YES;
				CLANG_WARN_STRICT_PROTOTYPES = YES;
				CLANG_WARN_SUSPICIOUS_MOVE = YES;
				CLANG_WARN_UNGUARDED_AVAILABILITY = YES_AGGRESSIVE;
				CLANG_WARN_UNREACHABLE_CODE = YES;
				CLANG_WARN__DUPLICATE_METHOD_MATCH = YES;
				CODE_SIGN_IDENTITY = "iPhone Developer";
				COPY_PHASE_STRIP = NO;
				DEBUG_INFORMATION_FORMAT = dwarf;
				ENABLE_STRICT_OBJC_MSGSEND = YES;
				ENABLE_TESTABILITY = YES;
				GCC_C_LANGUAGE_STANDARD = gnu11;
				GCC_DYNAMIC_NO_PIC = NO;
				GCC_NO_COMMON_BLOCKS = YES;
				GCC_OPTIMIZATION_LEVEL = 0;
				GCC_PREPROCESSOR_DEFINITIONS = (
					"DEBUG=1",
					"$(inherited)",
				);
				GCC_WARN_64_TO_32_BIT_CONVERSION = YES;
				GCC_WARN_ABOUT_RETURN_TYPE = YES_ERROR;
				GCC_WARN_UNDECLARED_SELECTOR = YES;
				GCC_WARN_UNINITIALIZED_AUTOS = YES_AGGRESSIVE;
				GCC_WARN_UNUSED_FUNCTION = YES;
				GCC_WARN_UNUSED_VARIABLE = YES;
				IPHONEOS_DEPLOYMENT_TARGET = 12.2;
				MTL_ENABLE_DEBUG_INFO = INCLUDE_SOURCE;
				MTL_FAST_MATH = YES;
				ONLY_ACTIVE_ARCH = YES;
				SDKROOT = iphoneos;
				SWIFT_ACTIVE_COMPILATION_CONDITIONS = DEBUG;
				SWIFT_OPTIMIZATION_LEVEL = "-Onone";
			};
			name = Debug;
		};
		A789713F22C3AEBE00DA53F5 /* Release */ = {
			isa = XCBuildConfiguration;
			buildSettings = {
				ALWAYS_SEARCH_USER_PATHS = NO;
				CLANG_ANALYZER_NONNULL = YES;
				CLANG_ANALYZER_NUMBER_OBJECT_CONVERSION = YES_AGGRESSIVE;
				CLANG_CXX_LANGUAGE_STANDARD = "gnu++14";
				CLANG_CXX_LIBRARY = "libc++";
				CLANG_ENABLE_MODULES = YES;
				CLANG_ENABLE_OBJC_ARC = YES;
				CLANG_ENABLE_OBJC_WEAK = YES;
				CLANG_WARN_BLOCK_CAPTURE_AUTORELEASING = YES;
				CLANG_WARN_BOOL_CONVERSION = YES;
				CLANG_WARN_COMMA = YES;
				CLANG_WARN_CONSTANT_CONVERSION = YES;
				CLANG_WARN_DEPRECATED_OBJC_IMPLEMENTATIONS = YES;
				CLANG_WARN_DIRECT_OBJC_ISA_USAGE = YES_ERROR;
				CLANG_WARN_DOCUMENTATION_COMMENTS = YES;
				CLANG_WARN_EMPTY_BODY = YES;
				CLANG_WARN_ENUM_CONVERSION = YES;
				CLANG_WARN_INFINITE_RECURSION = YES;
				CLANG_WARN_INT_CONVERSION = YES;
				CLANG_WARN_NON_LITERAL_NULL_CONVERSION = YES;
				CLANG_WARN_OBJC_IMPLICIT_RETAIN_SELF = YES;
				CLANG_WARN_OBJC_LITERAL_CONVERSION = YES;
				CLANG_WARN_OBJC_ROOT_CLASS = YES_ERROR;
				CLANG_WARN_RANGE_LOOP_ANALYSIS = YES;
				CLANG_WARN_STRICT_PROTOTYPES = YES;
				CLANG_WARN_SUSPICIOUS_MOVE = YES;
				CLANG_WARN_UNGUARDED_AVAILABILITY = YES_AGGRESSIVE;
				CLANG_WARN_UNREACHABLE_CODE = YES;
				CLANG_WARN__DUPLICATE_METHOD_MATCH = YES;
				CODE_SIGN_IDENTITY = "iPhone Developer";
				COPY_PHASE_STRIP = NO;
				DEBUG_INFORMATION_FORMAT = "dwarf-with-dsym";
				ENABLE_NS_ASSERTIONS = NO;
				ENABLE_STRICT_OBJC_MSGSEND = YES;
				GCC_C_LANGUAGE_STANDARD = gnu11;
				GCC_NO_COMMON_BLOCKS = YES;
				GCC_WARN_64_TO_32_BIT_CONVERSION = YES;
				GCC_WARN_ABOUT_RETURN_TYPE = YES_ERROR;
				GCC_WARN_UNDECLARED_SELECTOR = YES;
				GCC_WARN_UNINITIALIZED_AUTOS = YES_AGGRESSIVE;
				GCC_WARN_UNUSED_FUNCTION = YES;
				GCC_WARN_UNUSED_VARIABLE = YES;
				IPHONEOS_DEPLOYMENT_TARGET = 12.2;
				MTL_ENABLE_DEBUG_INFO = NO;
				MTL_FAST_MATH = YES;
				SDKROOT = iphoneos;
				SWIFT_COMPILATION_MODE = wholemodule;
				SWIFT_OPTIMIZATION_LEVEL = "-O";
				VALIDATE_PRODUCT = YES;
			};
			name = Release;
		};
		A789714122C3AEBE00DA53F5 /* Debug */ = {
			isa = XCBuildConfiguration;
			baseConfigurationReference = AFE7C2905534B033CD5FD837 /* Pods-messengerApp.debug.xcconfig */;
			buildSettings = {
				ASSETCATALOG_COMPILER_APPICON_NAME = AppIcon;
				CODE_SIGN_STYLE = Automatic;
				DEVELOPMENT_TEAM = FZZ4V5CW2H;
				INFOPLIST_FILE = messengerApp/Info.plist;
				LD_RUNPATH_SEARCH_PATHS = (
					"$(inherited)",
					"@executable_path/Frameworks",
				);
				PRODUCT_BUNDLE_IDENTIFIER = com.stephensonang.messengerApp;
				PRODUCT_NAME = "$(TARGET_NAME)";
				SWIFT_VERSION = 5.0;
				TARGETED_DEVICE_FAMILY = "1,2";
			};
			name = Debug;
		};
		A789714222C3AEBE00DA53F5 /* Release */ = {
			isa = XCBuildConfiguration;
			baseConfigurationReference = 806CAFED470A112FE349C144 /* Pods-messengerApp.release.xcconfig */;
			buildSettings = {
				ASSETCATALOG_COMPILER_APPICON_NAME = AppIcon;
				CODE_SIGN_STYLE = Automatic;
				DEVELOPMENT_TEAM = FZZ4V5CW2H;
				INFOPLIST_FILE = messengerApp/Info.plist;
				LD_RUNPATH_SEARCH_PATHS = (
					"$(inherited)",
					"@executable_path/Frameworks",
				);
				PRODUCT_BUNDLE_IDENTIFIER = com.stephensonang.messengerApp;
				PRODUCT_NAME = "$(TARGET_NAME)";
				SWIFT_VERSION = 5.0;
				TARGETED_DEVICE_FAMILY = "1,2";
			};
			name = Release;
		};
/* End XCBuildConfiguration section */

/* Begin XCConfigurationList section */
		A789712722C3AEBD00DA53F5 /* Build configuration list for PBXProject "messengerApp" */ = {
			isa = XCConfigurationList;
			buildConfigurations = (
				A789713E22C3AEBE00DA53F5 /* Debug */,
				A789713F22C3AEBE00DA53F5 /* Release */,
			);
			defaultConfigurationIsVisible = 0;
			defaultConfigurationName = Release;
		};
		A789714022C3AEBE00DA53F5 /* Build configuration list for PBXNativeTarget "messengerApp" */ = {
			isa = XCConfigurationList;
			buildConfigurations = (
				A789714122C3AEBE00DA53F5 /* Debug */,
				A789714222C3AEBE00DA53F5 /* Release */,
			);
			defaultConfigurationIsVisible = 0;
			defaultConfigurationName = Release;
		};
/* End XCConfigurationList section */
	};
	rootObject = A789712422C3AEBD00DA53F5 /* Project object */;
}
